
Microsoft Visual Studio Solution File, Format Version 12.00
# Visual Studio Version 17
VisualStudioVersion = 17.10.35122.118
MinimumVisualStudioVersion = 10.0.40219.1
Project("{F184B08F-C81C-45F6-A57F-5ABD9991F28F}") = "task1", "task1\task1.vbproj", "{31CE76F7-38ED-4669-AE5F-6CB223B3FC9F}"
EndProject
Global
	GlobalSection(SolutionConfigurationPlatforms) = preSolution
		Debug|Any CPU = Debug|Any CPU
		Release|Any CPU = Release|Any CPU
	EndGlobalSection
	GlobalSection(ProjectConfigurationPlatforms) = postSolution
		{31CE76F7-38ED-4669-AE5F-6CB223B3FC9F}.Debug|Any CPU.ActiveCfg = Debug|Any CPU
		{31CE76F7-38ED-4669-AE5F-6CB223B3FC9F}.Debug|Any CPU.Build.0 = Debug|Any CPU
		{31CE76F7-38ED-4669-AE5F-6CB223B3FC9F}.Release|Any CPU.ActiveCfg = Release|Any CPU
		{31CE76F7-38ED-4669-AE5F-6CB223B3FC9F}.Release|Any CPU.Build.0 = Release|Any CPU
	EndGlobalSection
	GlobalSection(SolutionProperties) = preSolution
		HideSolutionNode = FALSE
	EndGlobalSection
	GlobalSection(ExtensibilityGlobals) = postSolution
		SolutionGuid = {4E338DFE-BDA4-41C8-B5ED-9E5D80658A58}
	EndGlobalSection
EndGlobal
